// !$*UTF8*$!
{
	archiveVersion = 1;
	classes = {
	};
	objectVersion = 56;
	objects = {

/* Begin PBXBuildFile section */
		7E3D1DCC29FBCD2C0047DD32 /* TitleCollectionViewCell.swift in Sources */ = {isa = PBXBuildFile; fileRef = 7E3D1DCB29FBCD2C0047DD32 /* TitleCollectionViewCell.swift */; };
		7E3D1DCF29FBD5DF0047DD32 /* SDWebImage in Frameworks */ = {isa = PBXBuildFile; productRef = 7E3D1DCE29FBD5DF0047DD32 /* SDWebImage */; };
		7E3D1DD129FBD5DF0047DD32 /* SDWebImageMapKit in Frameworks */ = {isa = PBXBuildFile; productRef = 7E3D1DD029FBD5DF0047DD32 /* SDWebImageMapKit */; };
		7E3D1DD329FC29BF0047DD32 /* InstaStoryCell.swift in Sources */ = {isa = PBXBuildFile; fileRef = 7E3D1DD229FC29BF0047DD32 /* InstaStoryCell.swift */; };
		7EA724C529F519E50056178D /* AppDelegate.swift in Sources */ = {isa = PBXBuildFile; fileRef = 7EA724C429F519E50056178D /* AppDelegate.swift */; };
		7EA724C729F519E50056178D /* SceneDelegate.swift in Sources */ = {isa = PBXBuildFile; fileRef = 7EA724C629F519E50056178D /* SceneDelegate.swift */; };
		7EA724C929F519E50056178D /* HomeViewController.swift in Sources */ = {isa = PBXBuildFile; fileRef = 7EA724C829F519E50056178D /* HomeViewController.swift */; };
		7EA724CE29F519E70056178D /* Assets.xcassets in Resources */ = {isa = PBXBuildFile; fileRef = 7EA724CD29F519E70056178D /* Assets.xcassets */; };
		7EA724D129F519E70056178D /* LaunchScreen.storyboard in Resources */ = {isa = PBXBuildFile; fileRef = 7EA724CF29F519E70056178D /* LaunchScreen.storyboard */; };
		7EA724DC29F519E80056178D /* Netflix_InstagramTests.swift in Sources */ = {isa = PBXBuildFile; fileRef = 7EA724DB29F519E80056178D /* Netflix_InstagramTests.swift */; };
		7EA724E629F519E80056178D /* Netflix_InstagramUITests.swift in Sources */ = {isa = PBXBuildFile; fileRef = 7EA724E529F519E80056178D /* Netflix_InstagramUITests.swift */; };
		7EA724E829F519E80056178D /* Netflix_InstagramUITestsLaunchTests.swift in Sources */ = {isa = PBXBuildFile; fileRef = 7EA724E729F519E80056178D /* Netflix_InstagramUITestsLaunchTests.swift */; };
		7EA724FC29F51A930056178D /* MainTabBarViewController.swift in Sources */ = {isa = PBXBuildFile; fileRef = 7EA724FB29F51A930056178D /* MainTabBarViewController.swift */; };
		7EA724FE29F51ACF0056178D /* UpcomingViewController.swift in Sources */ = {isa = PBXBuildFile; fileRef = 7EA724FD29F51ACF0056178D /* UpcomingViewController.swift */; };
		7EA7250029F51AE70056178D /* SearchViewController.swift in Sources */ = {isa = PBXBuildFile; fileRef = 7EA724FF29F51AE70056178D /* SearchViewController.swift */; };
		7EA7250229F51AFC0056178D /* DownloadsViewController.swift in Sources */ = {isa = PBXBuildFile; fileRef = 7EA7250129F51AFC0056178D /* DownloadsViewController.swift */; };
		7EA7250429F51B210056178D /* HeroHeaderUIView.swift in Sources */ = {isa = PBXBuildFile; fileRef = 7EA7250329F51B210056178D /* HeroHeaderUIView.swift */; };
		7EA7250629F51B440056178D /* CollectionViewTableViewCell.swift in Sources */ = {isa = PBXBuildFile; fileRef = 7EA7250529F51B440056178D /* CollectionViewTableViewCell.swift */; };
		7EA7250829F524630056178D /* APICaller.swift in Sources */ = {isa = PBXBuildFile; fileRef = 7EA7250729F524630056178D /* APICaller.swift */; };
		7EA7254629F668A50056178D /* Title.swift in Sources */ = {isa = PBXBuildFile; fileRef = 7EA7254529F668A50056178D /* Title.swift */; };
		7EA7254829F670AF0056178D /* Extensions.swift in Sources */ = {isa = PBXBuildFile; fileRef = 7EA7254729F670AF0056178D /* Extensions.swift */; };
		7EC49C432A08EEAA00F08FAB /* MySection.swift in Sources */ = {isa = PBXBuildFile; fileRef = 7EC49C422A08EEAA00F08FAB /* MySection.swift */; };
		7EC49C452A08F68900F08FAB /* MyBadgeView.swift in Sources */ = {isa = PBXBuildFile; fileRef = 7EC49C442A08F68900F08FAB /* MyBadgeView.swift */; };
/* End PBXBuildFile section */

/* Begin PBXContainerItemProxy section */
		7EA724D829F519E80056178D /* PBXContainerItemProxy */ = {
			isa = PBXContainerItemProxy;
			containerPortal = 7EA724B929F519E50056178D /* Project object */;
			proxyType = 1;
			remoteGlobalIDString = 7EA724C029F519E50056178D;
			remoteInfo = "Netflix+Instagram";
		};
		7EA724E229F519E80056178D /* PBXContainerItemProxy */ = {
			isa = PBXContainerItemProxy;
			containerPortal = 7EA724B929F519E50056178D /* Project object */;
			proxyType = 1;
			remoteGlobalIDString = 7EA724C029F519E50056178D;
			remoteInfo = "Netflix+Instagram";
		};
/* End PBXContainerItemProxy section */

/* Begin PBXFileReference section */
		7E3D1DCB29FBCD2C0047DD32 /* TitleCollectionViewCell.swift */ = {isa = PBXFileReference; lastKnownFileType = sourcecode.swift; path = TitleCollectionViewCell.swift; sourceTree = "<group>"; };
		7E3D1DD229FC29BF0047DD32 /* InstaStoryCell.swift */ = {isa = PBXFileReference; lastKnownFileType = sourcecode.swift; path = InstaStoryCell.swift; sourceTree = "<group>"; };
		7EA724C129F519E50056178D /* NetflixInstagram.app */ = {isa = PBXFileReference; explicitFileType = wrapper.application; includeInIndex = 0; path = NetflixInstagram.app; sourceTree = BUILT_PRODUCTS_DIR; };
		7EA724C429F519E50056178D /* AppDelegate.swift */ = {isa = PBXFileReference; lastKnownFileType = sourcecode.swift; path = AppDelegate.swift; sourceTree = "<group>"; };
		7EA724C629F519E50056178D /* SceneDelegate.swift */ = {isa = PBXFileReference; lastKnownFileType = sourcecode.swift; path = SceneDelegate.swift; sourceTree = "<group>"; };
		7EA724C829F519E50056178D /* HomeViewController.swift */ = {isa = PBXFileReference; lastKnownFileType = sourcecode.swift; path = HomeViewController.swift; sourceTree = "<group>"; };
		7EA724CD29F519E70056178D /* Assets.xcassets */ = {isa = PBXFileReference; lastKnownFileType = folder.assetcatalog; path = Assets.xcassets; sourceTree = "<group>"; };
		7EA724D029F519E70056178D /* Base */ = {isa = PBXFileReference; lastKnownFileType = file.storyboard; name = Base; path = Base.lproj/LaunchScreen.storyboard; sourceTree = "<group>"; };
		7EA724D229F519E70056178D /* Info.plist */ = {isa = PBXFileReference; lastKnownFileType = text.plist.xml; path = Info.plist; sourceTree = "<group>"; };
		7EA724D729F519E80056178D /* NetflixInstagramTests.xctest */ = {isa = PBXFileReference; explicitFileType = wrapper.cfbundle; includeInIndex = 0; path = NetflixInstagramTests.xctest; sourceTree = BUILT_PRODUCTS_DIR; };
		7EA724DB29F519E80056178D /* Netflix_InstagramTests.swift */ = {isa = PBXFileReference; lastKnownFileType = sourcecode.swift; path = Netflix_InstagramTests.swift; sourceTree = "<group>"; };
		7EA724E129F519E80056178D /* NetflixInstagramUITests.xctest */ = {isa = PBXFileReference; explicitFileType = wrapper.cfbundle; includeInIndex = 0; path = NetflixInstagramUITests.xctest; sourceTree = BUILT_PRODUCTS_DIR; };
		7EA724E529F519E80056178D /* Netflix_InstagramUITests.swift */ = {isa = PBXFileReference; lastKnownFileType = sourcecode.swift; path = Netflix_InstagramUITests.swift; sourceTree = "<group>"; };
		7EA724E729F519E80056178D /* Netflix_InstagramUITestsLaunchTests.swift */ = {isa = PBXFileReference; lastKnownFileType = sourcecode.swift; path = Netflix_InstagramUITestsLaunchTests.swift; sourceTree = "<group>"; };
		7EA724FB29F51A930056178D /* MainTabBarViewController.swift */ = {isa = PBXFileReference; lastKnownFileType = sourcecode.swift; path = MainTabBarViewController.swift; sourceTree = "<group>"; };
		7EA724FD29F51ACF0056178D /* UpcomingViewController.swift */ = {isa = PBXFileReference; lastKnownFileType = sourcecode.swift; path = UpcomingViewController.swift; sourceTree = "<group>"; };
		7EA724FF29F51AE70056178D /* SearchViewController.swift */ = {isa = PBXFileReference; lastKnownFileType = sourcecode.swift; path = SearchViewController.swift; sourceTree = "<group>"; };
		7EA7250129F51AFC0056178D /* DownloadsViewController.swift */ = {isa = PBXFileReference; lastKnownFileType = sourcecode.swift; path = DownloadsViewController.swift; sourceTree = "<group>"; };
		7EA7250329F51B210056178D /* HeroHeaderUIView.swift */ = {isa = PBXFileReference; lastKnownFileType = sourcecode.swift; path = HeroHeaderUIView.swift; sourceTree = "<group>"; };
		7EA7250529F51B440056178D /* CollectionViewTableViewCell.swift */ = {isa = PBXFileReference; lastKnownFileType = sourcecode.swift; path = CollectionViewTableViewCell.swift; sourceTree = "<group>"; };
		7EA7250729F524630056178D /* APICaller.swift */ = {isa = PBXFileReference; lastKnownFileType = sourcecode.swift; path = APICaller.swift; sourceTree = "<group>"; };
		7EA7254529F668A50056178D /* Title.swift */ = {isa = PBXFileReference; lastKnownFileType = sourcecode.swift; path = Title.swift; sourceTree = "<group>"; };
		7EA7254729F670AF0056178D /* Extensions.swift */ = {isa = PBXFileReference; lastKnownFileType = sourcecode.swift; path = Extensions.swift; sourceTree = "<group>"; };
		7EC49C422A08EEAA00F08FAB /* MySection.swift */ = {isa = PBXFileReference; lastKnownFileType = sourcecode.swift; path = MySection.swift; sourceTree = "<group>"; };
		7EC49C442A08F68900F08FAB /* MyBadgeView.swift */ = {isa = PBXFileReference; lastKnownFileType = sourcecode.swift; path = MyBadgeView.swift; sourceTree = "<group>"; };
/* End PBXFileReference section */

/* Begin PBXFrameworksBuildPhase section */
		7EA724BE29F519E50056178D /* Frameworks */ = {
			isa = PBXFrameworksBuildPhase;
			buildActionMask = 2147483647;
			files = (
				7E3D1DD129FBD5DF0047DD32 /* SDWebImageMapKit in Frameworks */,
				7E3D1DCF29FBD5DF0047DD32 /* SDWebImage in Frameworks */,
			);
			runOnlyForDeploymentPostprocessing = 0;
		};
		7EA724D429F519E80056178D /* Frameworks */ = {
			isa = PBXFrameworksBuildPhase;
			buildActionMask = 2147483647;
			files = (
			);
			runOnlyForDeploymentPostprocessing = 0;
		};
		7EA724DE29F519E80056178D /* Frameworks */ = {
			isa = PBXFrameworksBuildPhase;
			buildActionMask = 2147483647;
			files = (
			);
			runOnlyForDeploymentPostprocessing = 0;
		};
/* End PBXFrameworksBuildPhase section */

/* Begin PBXGroup section */
		7EA724B829F519E50056178D = {
			isa = PBXGroup;
			children = (
				7EA724C329F519E50056178D /* Netflix+Instagram */,
				7EA724DA29F519E80056178D /* Netflix+InstagramTests */,
				7EA724E429F519E80056178D /* Netflix+InstagramUITests */,
				7EA724C229F519E50056178D /* Products */,
			);
			sourceTree = "<group>";
		};
		7EA724C229F519E50056178D /* Products */ = {
			isa = PBXGroup;
			children = (
				7EA724C129F519E50056178D /* NetflixInstagram.app */,
				7EA724D729F519E80056178D /* NetflixInstagramTests.xctest */,
				7EA724E129F519E80056178D /* NetflixInstagramUITests.xctest */,
			);
			name = Products;
			sourceTree = "<group>";
		};
		7EA724C329F519E50056178D /* Netflix+Instagram */ = {
			isa = PBXGroup;
			children = (
				7EA724F529F51A220056178D /* Managers */,
				7EA724F629F51A2A0056178D /* Resources */,
				7EA724FA29F51A4B0056178D /* Models */,
				7EA724F929F51A430056178D /* Views */,
				7EA724F829F51A340056178D /* ViewModels */,
				7EA724F729F51A2E0056178D /* Controllers */,
				7EA724C429F519E50056178D /* AppDelegate.swift */,
				7EA724C629F519E50056178D /* SceneDelegate.swift */,
				7EA724CD29F519E70056178D /* Assets.xcassets */,
				7EA724CF29F519E70056178D /* LaunchScreen.storyboard */,
				7EA724D229F519E70056178D /* Info.plist */,
			);
			name = "Netflix+Instagram";
			path = NetflixInstagram;
			sourceTree = "<group>";
		};
		7EA724DA29F519E80056178D /* Netflix+InstagramTests */ = {
			isa = PBXGroup;
			children = (
				7EA724DB29F519E80056178D /* Netflix_InstagramTests.swift */,
			);
			name = "Netflix+InstagramTests";
			path = NetflixInstagramTests;
			sourceTree = "<group>";
		};
		7EA724E429F519E80056178D /* Netflix+InstagramUITests */ = {
			isa = PBXGroup;
			children = (
				7EA724E529F519E80056178D /* Netflix_InstagramUITests.swift */,
				7EA724E729F519E80056178D /* Netflix_InstagramUITestsLaunchTests.swift */,
			);
			name = "Netflix+InstagramUITests";
			path = NetflixInstagramUITests;
			sourceTree = "<group>";
		};
		7EA724F529F51A220056178D /* Managers */ = {
			isa = PBXGroup;
			children = (
				7EA7250729F524630056178D /* APICaller.swift */,
			);
			path = Managers;
			sourceTree = "<group>";
		};
		7EA724F629F51A2A0056178D /* Resources */ = {
			isa = PBXGroup;
			children = (
				7EA7254729F670AF0056178D /* Extensions.swift */,
			);
			path = Resources;
			sourceTree = "<group>";
		};
		7EA724F729F51A2E0056178D /* Controllers */ = {
			isa = PBXGroup;
			children = (
				7EA724FB29F51A930056178D /* MainTabBarViewController.swift */,
				7EA724C829F519E50056178D /* HomeViewController.swift */,
				7EA724FD29F51ACF0056178D /* UpcomingViewController.swift */,
				7EA724FF29F51AE70056178D /* SearchViewController.swift */,
				7EA7250129F51AFC0056178D /* DownloadsViewController.swift */,
			);
			path = Controllers;
			sourceTree = "<group>";
		};
		7EA724F829F51A340056178D /* ViewModels */ = {
			isa = PBXGroup;
			children = (
			);
			path = ViewModels;
			sourceTree = "<group>";
		};
		7EA724F929F51A430056178D /* Views */ = {
			isa = PBXGroup;
			children = (
				7EA7250329F51B210056178D /* HeroHeaderUIView.swift */,
				7EA7250529F51B440056178D /* CollectionViewTableViewCell.swift */,
				7E3D1DCB29FBCD2C0047DD32 /* TitleCollectionViewCell.swift */,
				7E3D1DD229FC29BF0047DD32 /* InstaStoryCell.swift */,
				7EC49C422A08EEAA00F08FAB /* MySection.swift */,
				7EC49C442A08F68900F08FAB /* MyBadgeView.swift */,
			);
			path = Views;
			sourceTree = "<group>";
		};
		7EA724FA29F51A4B0056178D /* Models */ = {
			isa = PBXGroup;
			children = (
				7EA7254529F668A50056178D /* Title.swift */,
			);
			path = Models;
			sourceTree = "<group>";
		};
/* End PBXGroup section */

/* Begin PBXNativeTarget section */
		7EA724C029F519E50056178D /* NetflixInstagram */ = {
			isa = PBXNativeTarget;
			buildConfigurationList = 7EA724EB29F519E80056178D /* Build configuration list for PBXNativeTarget "NetflixInstagram" */;
			buildPhases = (
				7EA724BD29F519E50056178D /* Sources */,
				7EA724BE29F519E50056178D /* Frameworks */,
				7EA724BF29F519E50056178D /* Resources */,
			);
			buildRules = (
			);
			dependencies = (
			);
			name = NetflixInstagram;
			packageProductDependencies = (
				7E3D1DCE29FBD5DF0047DD32 /* SDWebImage */,
				7E3D1DD029FBD5DF0047DD32 /* SDWebImageMapKit */,
			);
			productName = "Netflix+Instagram";
			productReference = 7EA724C129F519E50056178D /* NetflixInstagram.app */;
			productType = "com.apple.product-type.application";
		};
		7EA724D629F519E80056178D /* NetflixInstagramTests */ = {
			isa = PBXNativeTarget;
			buildConfigurationList = 7EA724EE29F519E80056178D /* Build configuration list for PBXNativeTarget "NetflixInstagramTests" */;
			buildPhases = (
				7EA724D329F519E80056178D /* Sources */,
				7EA724D429F519E80056178D /* Frameworks */,
				7EA724D529F519E80056178D /* Resources */,
			);
			buildRules = (
			);
			dependencies = (
				7EA724D929F519E80056178D /* PBXTargetDependency */,
			);
			name = NetflixInstagramTests;
			productName = "Netflix+InstagramTests";
			productReference = 7EA724D729F519E80056178D /* NetflixInstagramTests.xctest */;
			productType = "com.apple.product-type.bundle.unit-test";
		};
		7EA724E029F519E80056178D /* NetflixInstagramUITests */ = {
			isa = PBXNativeTarget;
			buildConfigurationList = 7EA724F129F519E80056178D /* Build configuration list for PBXNativeTarget "NetflixInstagramUITests" */;
			buildPhases = (
				7EA724DD29F519E80056178D /* Sources */,
				7EA724DE29F519E80056178D /* Frameworks */,
				7EA724DF29F519E80056178D /* Resources */,
			);
			buildRules = (
			);
			dependencies = (
				7EA724E329F519E80056178D /* PBXTargetDependency */,
			);
			name = NetflixInstagramUITests;
			productName = "Netflix+InstagramUITests";
			productReference = 7EA724E129F519E80056178D /* NetflixInstagramUITests.xctest */;
			productType = "com.apple.product-type.bundle.ui-testing";
		};
/* End PBXNativeTarget section */

/* Begin PBXProject section */
		7EA724B929F519E50056178D /* Project object */ = {
			isa = PBXProject;
			attributes = {
				BuildIndependentTargetsInParallel = 1;
				LastSwiftUpdateCheck = 1420;
				LastUpgradeCheck = 1420;
				TargetAttributes = {
					7EA724C029F519E50056178D = {
						CreatedOnToolsVersion = 14.2;
					};
					7EA724D629F519E80056178D = {
						CreatedOnToolsVersion = 14.2;
						TestTargetID = 7EA724C029F519E50056178D;
					};
					7EA724E029F519E80056178D = {
						CreatedOnToolsVersion = 14.2;
						TestTargetID = 7EA724C029F519E50056178D;
					};
				};
			};
			buildConfigurationList = 7EA724BC29F519E50056178D /* Build configuration list for PBXProject "NetflixInstagram" */;
			compatibilityVersion = "Xcode 14.0";
			developmentRegion = en;
			hasScannedForEncodings = 0;
			knownRegions = (
				en,
				Base,
			);
			mainGroup = 7EA724B829F519E50056178D;
			packageReferences = (
				7E3D1DCD29FBD5DE0047DD32 /* XCRemoteSwiftPackageReference "SDWebImage" */,
			);
			productRefGroup = 7EA724C229F519E50056178D /* Products */;
			projectDirPath = "";
			projectRoot = "";
			targets = (
				7EA724C029F519E50056178D /* NetflixInstagram */,
				7EA724D629F519E80056178D /* NetflixInstagramTests */,
				7EA724E029F519E80056178D /* NetflixInstagramUITests */,
			);
		};
/* End PBXProject section */

/* Begin PBXResourcesBuildPhase section */
		7EA724BF29F519E50056178D /* Resources */ = {
			isa = PBXResourcesBuildPhase;
			buildActionMask = 2147483647;
			files = (
				7EA724D129F519E70056178D /* LaunchScreen.storyboard in Resources */,
				7EA724CE29F519E70056178D /* Assets.xcassets in Resources */,
			);
			runOnlyForDeploymentPostprocessing = 0;
		};
		7EA724D529F519E80056178D /* Resources */ = {
			isa = PBXResourcesBuildPhase;
			buildActionMask = 2147483647;
			files = (
			);
			runOnlyForDeploymentPostprocessing = 0;
		};
		7EA724DF29F519E80056178D /* Resources */ = {
			isa = PBXResourcesBuildPhase;
			buildActionMask = 2147483647;
			files = (
			);
			runOnlyForDeploymentPostprocessing = 0;
		};
/* End PBXResourcesBuildPhase section */

/* Begin PBXSourcesBuildPhase section */
		7EA724BD29F519E50056178D /* Sources */ = {
			isa = PBXSourcesBuildPhase;
			buildActionMask = 2147483647;
			files = (
				7EC49C452A08F68900F08FAB /* MyBadgeView.swift in Sources */,
				7EC49C432A08EEAA00F08FAB /* MySection.swift in Sources */,
				7EA7250029F51AE70056178D /* SearchViewController.swift in Sources */,
				7E3D1DCC29FBCD2C0047DD32 /* TitleCollectionViewCell.swift in Sources */,
				7EA7250429F51B210056178D /* HeroHeaderUIView.swift in Sources */,
				7EA724C929F519E50056178D /* HomeViewController.swift in Sources */,
				7EA7250829F524630056178D /* APICaller.swift in Sources */,
				7E3D1DD329FC29BF0047DD32 /* InstaStoryCell.swift in Sources */,
				7EA7250229F51AFC0056178D /* DownloadsViewController.swift in Sources */,
				7EA724FC29F51A930056178D /* MainTabBarViewController.swift in Sources */,
				7EA7250629F51B440056178D /* CollectionViewTableViewCell.swift in Sources */,
				7EA7254829F670AF0056178D /* Extensions.swift in Sources */,
				7EA724C529F519E50056178D /* AppDelegate.swift in Sources */,
				7EA724FE29F51ACF0056178D /* UpcomingViewController.swift in Sources */,
				7EA7254629F668A50056178D /* Title.swift in Sources */,
				7EA724C729F519E50056178D /* SceneDelegate.swift in Sources */,
			);
			runOnlyForDeploymentPostprocessing = 0;
		};
		7EA724D329F519E80056178D /* Sources */ = {
			isa = PBXSourcesBuildPhase;
			buildActionMask = 2147483647;
			files = (
				7EA724DC29F519E80056178D /* Netflix_InstagramTests.swift in Sources */,
			);
			runOnlyForDeploymentPostprocessing = 0;
		};
		7EA724DD29F519E80056178D /* Sources */ = {
			isa = PBXSourcesBuildPhase;
			buildActionMask = 2147483647;
			files = (
				7EA724E829F519E80056178D /* Netflix_InstagramUITestsLaunchTests.swift in Sources */,
				7EA724E629F519E80056178D /* Netflix_InstagramUITests.swift in Sources */,
			);
			runOnlyForDeploymentPostprocessing = 0;
		};
/* End PBXSourcesBuildPhase section */

/* Begin PBXTargetDependency section */
		7EA724D929F519E80056178D /* PBXTargetDependency */ = {
			isa = PBXTargetDependency;
			target = 7EA724C029F519E50056178D /* NetflixInstagram */;
			targetProxy = 7EA724D829F519E80056178D /* PBXContainerItemProxy */;
		};
		7EA724E329F519E80056178D /* PBXTargetDependency */ = {
			isa = PBXTargetDependency;
			target = 7EA724C029F519E50056178D /* NetflixInstagram */;
			targetProxy = 7EA724E229F519E80056178D /* PBXContainerItemProxy */;
		};
/* End PBXTargetDependency section */

/* Begin PBXVariantGroup section */
		7EA724CF29F519E70056178D /* LaunchScreen.storyboard */ = {
			isa = PBXVariantGroup;
			children = (
				7EA724D029F519E70056178D /* Base */,
			);
			name = LaunchScreen.storyboard;
			sourceTree = "<group>";
		};
/* End PBXVariantGroup section */

/* Begin XCBuildConfiguration section */
		7EA724E929F519E80056178D /* Debug */ = {
			isa = XCBuildConfiguration;
			buildSettings = {
				ALWAYS_SEARCH_USER_PATHS = NO;
				CLANG_ANALYZER_NONNULL = YES;
				CLANG_ANALYZER_NUMBER_OBJECT_CONVERSION = YES_AGGRESSIVE;
				CLANG_CXX_LANGUAGE_STANDARD = "gnu++20";
				CLANG_ENABLE_MODULES = YES;
				CLANG_ENABLE_OBJC_ARC = YES;
				CLANG_ENABLE_OBJC_WEAK = YES;
				CLANG_WARN_BLOCK_CAPTURE_AUTORELEASING = YES;
				CLANG_WARN_BOOL_CONVERSION = YES;
				CLANG_WARN_COMMA = YES;
				CLANG_WARN_CONSTANT_CONVERSION = YES;
				CLANG_WARN_DEPRECATED_OBJC_IMPLEMENTATIONS = YES;
				CLANG_WARN_DIRECT_OBJC_ISA_USAGE = YES_ERROR;
				CLANG_WARN_DOCUMENTATION_COMMENTS = YES;
				CLANG_WARN_EMPTY_BODY = YES;
				CLANG_WARN_ENUM_CONVERSION = YES;
				CLANG_WARN_INFINITE_RECURSION = YES;
				CLANG_WARN_INT_CONVERSION = YES;
				CLANG_WARN_NON_LITERAL_NULL_CONVERSION = YES;
				CLANG_WARN_OBJC_IMPLICIT_RETAIN_SELF = YES;
				CLANG_WARN_OBJC_LITERAL_CONVERSION = YES;
				CLANG_WARN_OBJC_ROOT_CLASS = YES_ERROR;
				CLANG_WARN_QUOTED_INCLUDE_IN_FRAMEWORK_HEADER = YES;
				CLANG_WARN_RANGE_LOOP_ANALYSIS = YES;
				CLANG_WARN_STRICT_PROTOTYPES = YES;
				CLANG_WARN_SUSPICIOUS_MOVE = YES;
				CLANG_WARN_UNGUARDED_AVAILABILITY = YES_AGGRESSIVE;
				CLANG_WARN_UNREACHABLE_CODE = YES;
				CLANG_WARN__DUPLICATE_METHOD_MATCH = YES;
				COPY_PHASE_STRIP = NO;
				DEBUG_INFORMATION_FORMAT = dwarf;
				ENABLE_STRICT_OBJC_MSGSEND = YES;
				ENABLE_TESTABILITY = YES;
				GCC_C_LANGUAGE_STANDARD = gnu11;
				GCC_DYNAMIC_NO_PIC = NO;
				GCC_NO_COMMON_BLOCKS = YES;
				GCC_OPTIMIZATION_LEVEL = 0;
				GCC_PREPROCESSOR_DEFINITIONS = (
					"DEBUG=1",
					"$(inherited)",
				);
				GCC_WARN_64_TO_32_BIT_CONVERSION = YES;
				GCC_WARN_ABOUT_RETURN_TYPE = YES_ERROR;
				GCC_WARN_UNDECLARED_SELECTOR = YES;
				GCC_WARN_UNINITIALIZED_AUTOS = YES_AGGRESSIVE;
				GCC_WARN_UNUSED_FUNCTION = YES;
				GCC_WARN_UNUSED_VARIABLE = YES;
				IPHONEOS_DEPLOYMENT_TARGET = 16.2;
				MTL_ENABLE_DEBUG_INFO = INCLUDE_SOURCE;
				MTL_FAST_MATH = YES;
				ONLY_ACTIVE_ARCH = YES;
				SDKROOT = iphoneos;
				SWIFT_ACTIVE_COMPILATION_CONDITIONS = DEBUG;
				SWIFT_OPTIMIZATION_LEVEL = "-Onone";
			};
			name = Debug;
		};
		7EA724EA29F519E80056178D /* Release */ = {
			isa = XCBuildConfiguration;
			buildSettings = {
				ALWAYS_SEARCH_USER_PATHS = NO;
				CLANG_ANALYZER_NONNULL = YES;
				CLANG_ANALYZER_NUMBER_OBJECT_CONVERSION = YES_AGGRESSIVE;
				CLANG_CXX_LANGUAGE_STANDARD = "gnu++20";
				CLANG_ENABLE_MODULES = YES;
				CLANG_ENABLE_OBJC_ARC = YES;
				CLANG_ENABLE_OBJC_WEAK = YES;
				CLANG_WARN_BLOCK_CAPTURE_AUTORELEASING = YES;
				CLANG_WARN_BOOL_CONVERSION = YES;
				CLANG_WARN_COMMA = YES;
				CLANG_WARN_CONSTANT_CONVERSION = YES;
				CLANG_WARN_DEPRECATED_OBJC_IMPLEMENTATIONS = YES;
				CLANG_WARN_DIRECT_OBJC_ISA_USAGE = YES_ERROR;
				CLANG_WARN_DOCUMENTATION_COMMENTS = YES;
				CLANG_WARN_EMPTY_BODY = YES;
				CLANG_WARN_ENUM_CONVERSION = YES;
				CLANG_WARN_INFINITE_RECURSION = YES;
				CLANG_WARN_INT_CONVERSION = YES;
				CLANG_WARN_NON_LITERAL_NULL_CONVERSION = YES;
				CLANG_WARN_OBJC_IMPLICIT_RETAIN_SELF = YES;
				CLANG_WARN_OBJC_LITERAL_CONVERSION = YES;
				CLANG_WARN_OBJC_ROOT_CLASS = YES_ERROR;
				CLANG_WARN_QUOTED_INCLUDE_IN_FRAMEWORK_HEADER = YES;
				CLANG_WARN_RANGE_LOOP_ANALYSIS = YES;
				CLANG_WARN_STRICT_PROTOTYPES = YES;
				CLANG_WARN_SUSPICIOUS_MOVE = YES;
				CLANG_WARN_UNGUARDED_AVAILABILITY = YES_AGGRESSIVE;
				CLANG_WARN_UNREACHABLE_CODE = YES;
				CLANG_WARN__DUPLICATE_METHOD_MATCH = YES;
				COPY_PHASE_STRIP = NO;
				DEBUG_INFORMATION_FORMAT = "dwarf-with-dsym";
				ENABLE_NS_ASSERTIONS = NO;
				ENABLE_STRICT_OBJC_MSGSEND = YES;
				GCC_C_LANGUAGE_STANDARD = gnu11;
				GCC_NO_COMMON_BLOCKS = YES;
				GCC_WARN_64_TO_32_BIT_CONVERSION = YES;
				GCC_WARN_ABOUT_RETURN_TYPE = YES_ERROR;
				GCC_WARN_UNDECLARED_SELECTOR = YES;
				GCC_WARN_UNINITIALIZED_AUTOS = YES_AGGRESSIVE;
				GCC_WARN_UNUSED_FUNCTION = YES;
				GCC_WARN_UNUSED_VARIABLE = YES;
				IPHONEOS_DEPLOYMENT_TARGET = 16.2;
				MTL_ENABLE_DEBUG_INFO = NO;
				MTL_FAST_MATH = YES;
				SDKROOT = iphoneos;
				SWIFT_COMPILATION_MODE = wholemodule;
				SWIFT_OPTIMIZATION_LEVEL = "-O";
				VALIDATE_PRODUCT = YES;
			};
			name = Release;
		};
		7EA724EC29F519E80056178D /* Debug */ = {
			isa = XCBuildConfiguration;
			buildSettings = {
				ASSETCATALOG_COMPILER_APPICON_NAME = AppIcon;
				ASSETCATALOG_COMPILER_GLOBAL_ACCENT_COLOR_NAME = AccentColor;
				CODE_SIGN_STYLE = Automatic;
				CURRENT_PROJECT_VERSION = 1;
				GENERATE_INFOPLIST_FILE = YES;
				INFOPLIST_FILE = NetflixInstagram/Info.plist;
				INFOPLIST_KEY_UIApplicationSupportsIndirectInputEvents = YES;
				INFOPLIST_KEY_UILaunchStoryboardName = LaunchScreen;
				INFOPLIST_KEY_UISupportedInterfaceOrientations_iPad = "UIInterfaceOrientationPortrait UIInterfaceOrientationPortraitUpsideDown UIInterfaceOrientationLandscapeLeft UIInterfaceOrientationLandscapeRight";
				INFOPLIST_KEY_UISupportedInterfaceOrientations_iPhone = "UIInterfaceOrientationPortrait UIInterfaceOrientationLandscapeLeft UIInterfaceOrientationLandscapeRight";
				LD_RUNPATH_SEARCH_PATHS = (
					"$(inherited)",
					"@executable_path/Frameworks",
				);
				MARKETING_VERSION = 1.0;
				PRODUCT_BUNDLE_IDENTIFIER = "com.apple.yagom.Netflix-Instagram";
				PRODUCT_NAME = "$(TARGET_NAME)";
				SWIFT_EMIT_LOC_STRINGS = YES;
				SWIFT_VERSION = 5.0;
				TARGETED_DEVICE_FAMILY = "1,2";
			};
			name = Debug;
		};
		7EA724ED29F519E80056178D /* Release */ = {
			isa = XCBuildConfiguration;
			buildSettings = {
				ASSETCATALOG_COMPILER_APPICON_NAME = AppIcon;
				ASSETCATALOG_COMPILER_GLOBAL_ACCENT_COLOR_NAME = AccentColor;
				CODE_SIGN_STYLE = Automatic;
				CURRENT_PROJECT_VERSION = 1;
				GENERATE_INFOPLIST_FILE = YES;
				INFOPLIST_FILE = NetflixInstagram/Info.plist;
				INFOPLIST_KEY_UIApplicationSupportsIndirectInputEvents = YES;
				INFOPLIST_KEY_UILaunchStoryboardName = LaunchScreen;
				INFOPLIST_KEY_UISupportedInterfaceOrientations_iPad = "UIInterfaceOrientationPortrait UIInterfaceOrientationPortraitUpsideDown UIInterfaceOrientationLandscapeLeft UIInterfaceOrientationLandscapeRight";
				INFOPLIST_KEY_UISupportedInterfaceOrientations_iPhone = "UIInterfaceOrientationPortrait UIInterfaceOrientationLandscapeLeft UIInterfaceOrientationLandscapeRight";
				LD_RUNPATH_SEARCH_PATHS = (
					"$(inherited)",
					"@executable_path/Frameworks",
				);
				MARKETING_VERSION = 1.0;
				PRODUCT_BUNDLE_IDENTIFIER = "com.apple.yagom.Netflix-Instagram";
				PRODUCT_NAME = "$(TARGET_NAME)";
				SWIFT_EMIT_LOC_STRINGS = YES;
				SWIFT_VERSION = 5.0;
				TARGETED_DEVICE_FAMILY = "1,2";
			};
			name = Release;
		};
		7EA724EF29F519E80056178D /* Debug */ = {
			isa = XCBuildConfiguration;
			buildSettings = {
				ALWAYS_EMBED_SWIFT_STANDARD_LIBRARIES = YES;
				BUNDLE_LOADER = "$(TEST_HOST)";
				CODE_SIGN_STYLE = Automatic;
				CURRENT_PROJECT_VERSION = 1;
				GENERATE_INFOPLIST_FILE = YES;
				IPHONEOS_DEPLOYMENT_TARGET = 16.2;
				MARKETING_VERSION = 1.0;
				PRODUCT_BUNDLE_IDENTIFIER = "com.apple.yagom.Netflix-InstagramTests";
				PRODUCT_NAME = "$(TARGET_NAME)";
				SWIFT_EMIT_LOC_STRINGS = NO;
				SWIFT_VERSION = 5.0;
				TARGETED_DEVICE_FAMILY = "1,2";
				TEST_HOST = "$(BUILT_PRODUCTS_DIR)/NetflixInstagram.app/$(BUNDLE_EXECUTABLE_FOLDER_PATH)/NetflixInstagram";
			};
			name = Debug;
		};
		7EA724F029F519E80056178D /* Release */ = {
			isa = XCBuildConfiguration;
			buildSettings = {
				ALWAYS_EMBED_SWIFT_STANDARD_LIBRARIES = YES;
				BUNDLE_LOADER = "$(TEST_HOST)";
				CODE_SIGN_STYLE = Automatic;
				CURRENT_PROJECT_VERSION = 1;
				GENERATE_INFOPLIST_FILE = YES;
				IPHONEOS_DEPLOYMENT_TARGET = 16.2;
				MARKETING_VERSION = 1.0;
				PRODUCT_BUNDLE_IDENTIFIER = "com.apple.yagom.Netflix-InstagramTests";
				PRODUCT_NAME = "$(TARGET_NAME)";
				SWIFT_EMIT_LOC_STRINGS = NO;
				SWIFT_VERSION = 5.0;
				TARGETED_DEVICE_FAMILY = "1,2";
				TEST_HOST = "$(BUILT_PRODUCTS_DIR)/NetflixInstagram.app/$(BUNDLE_EXECUTABLE_FOLDER_PATH)/NetflixInstagram";
			};
			name = Release;
		};
		7EA724F229F519E80056178D /* Debug */ = {
			isa = XCBuildConfiguration;
			buildSettings = {
				ALWAYS_EMBED_SWIFT_STANDARD_LIBRARIES = YES;
				CODE_SIGN_STYLE = Automatic;
				CURRENT_PROJECT_VERSION = 1;
				GENERATE_INFOPLIST_FILE = YES;
				MARKETING_VERSION = 1.0;
				PRODUCT_BUNDLE_IDENTIFIER = "com.apple.yagom.Netflix-InstagramUITests";
				PRODUCT_NAME = "$(TARGET_NAME)";
				SWIFT_EMIT_LOC_STRINGS = NO;
				SWIFT_VERSION = 5.0;
				TARGETED_DEVICE_FAMILY = "1,2";
				TEST_TARGET_NAME = "Netflix+Instagram";
			};
			name = Debug;
		};
		7EA724F329F519E80056178D /* Release */ = {
			isa = XCBuildConfiguration;
			buildSettings = {
				ALWAYS_EMBED_SWIFT_STANDARD_LIBRARIES = YES;
				CODE_SIGN_STYLE = Automatic;
				CURRENT_PROJECT_VERSION = 1;
				GENERATE_INFOPLIST_FILE = YES;
				MARKETING_VERSION = 1.0;
				PRODUCT_BUNDLE_IDENTIFIER = "com.apple.yagom.Netflix-InstagramUITests";
				PRODUCT_NAME = "$(TARGET_NAME)";
				SWIFT_EMIT_LOC_STRINGS = NO;
				SWIFT_VERSION = 5.0;
				TARGETED_DEVICE_FAMILY = "1,2";
				TEST_TARGET_NAME = "Netflix+Instagram";
			};
			name = Release;
		};
/* End XCBuildConfiguration section */

/* Begin XCConfigurationList section */
		7EA724BC29F519E50056178D /* Build configuration list for PBXProject "NetflixInstagram" */ = {
			isa = XCConfigurationList;
			buildConfigurations = (
				7EA724E929F519E80056178D /* Debug */,
				7EA724EA29F519E80056178D /* Release */,
			);
			defaultConfigurationIsVisible = 0;
			defaultConfigurationName = Release;
		};
		7EA724EB29F519E80056178D /* Build configuration list for PBXNativeTarget "NetflixInstagram" */ = {
			isa = XCConfigurationList;
			buildConfigurations = (
				7EA724EC29F519E80056178D /* Debug */,
				7EA724ED29F519E80056178D /* Release */,
			);
			defaultConfigurationIsVisible = 0;
			defaultConfigurationName = Release;
		};
		7EA724EE29F519E80056178D /* Build configuration list for PBXNativeTarget "NetflixInstagramTests" */ = {
			isa = XCConfigurationList;
			buildConfigurations = (
				7EA724EF29F519E80056178D /* Debug */,
				7EA724F029F519E80056178D /* Release */,
			);
			defaultConfigurationIsVisible = 0;
			defaultConfigurationName = Release;
		};
		7EA724F129F519E80056178D /* Build configuration list for PBXNativeTarget "NetflixInstagramUITests" */ = {
			isa = XCConfigurationList;
			buildConfigurations = (
				7EA724F229F519E80056178D /* Debug */,
				7EA724F329F519E80056178D /* Release */,
			);
			defaultConfigurationIsVisible = 0;
			defaultConfigurationName = Release;
		};
/* End XCConfigurationList section */

/* Begin XCRemoteSwiftPackageReference section */
		7E3D1DCD29FBD5DE0047DD32 /* XCRemoteSwiftPackageReference "SDWebImage" */ = {
			isa = XCRemoteSwiftPackageReference;
			repositoryURL = "https://github.com/SDWebImage/SDWebImage.git";
			requirement = {
				kind = upToNextMajorVersion;
				minimumVersion = 5.0.0;
			};
		};
/* End XCRemoteSwiftPackageReference section */

/* Begin XCSwiftPackageProductDependency section */
		7E3D1DCE29FBD5DF0047DD32 /* SDWebImage */ = {
			isa = XCSwiftPackageProductDependency;
			package = 7E3D1DCD29FBD5DE0047DD32 /* XCRemoteSwiftPackageReference "SDWebImage" */;
			productName = SDWebImage;
		};
		7E3D1DD029FBD5DF0047DD32 /* SDWebImageMapKit */ = {
			isa = XCSwiftPackageProductDependency;
			package = 7E3D1DCD29FBD5DE0047DD32 /* XCRemoteSwiftPackageReference "SDWebImage" */;
			productName = SDWebImageMapKit;
		};
/* End XCSwiftPackageProductDependency section */
	};
	rootObject = 7EA724B929F519E50056178D /* Project object */;
}
